
Microsoft Visual Studio Solution File, Format Version 12.00
# Visual Studio 15
VisualStudioVersion = 15.0.27703.2042
MinimumVisualStudioVersion = 10.0.40219.1
Project("{9A19103F-16F7-4668-BE54-9A1E7A4F7556}") = "BuildStudio", "BuildStudio\BuildStudio.csproj", "{9C245BE6-FE05-4D0E-B1F9-CD7429DA7B28}"
EndProject
Project("{9A19103F-16F7-4668-BE54-9A1E7A4F7556}") = "BuildStudio.Data", "BuildStudio.Data\BuildStudio.Data.csproj", "{51A7B79C-7861-4FE5-9835-A2BFEC618192}"
EndProject
Project("{9A19103F-16F7-4668-BE54-9A1E7A4F7556}") = "BuildStudio.Intelligence", "BuildStudio.Intelligence\BuildStudio.Intelligence.csproj", "{491C9DA7-9F09-42DB-B1DE-0E74D454D0BD}"
EndProject
Project("{9A19103F-16F7-4668-BE54-9A1E7A4F7556}") = "BuildStudio.Console", "BuildStudio.Console\BuildStudio.Console.csproj", "{FA124E5C-836B-49BB-9190-26554B8802B3}"
EndProject
Project("{9A19103F-16F7-4668-BE54-9A1E7A4F7556}") = "BuildStudio.Core", "BuildStudio.Core\BuildStudio.Core.csproj", "{C975ECE5-6F73-49C4-A1D5-A8BE8F08B24C}"
EndProject
Global
	GlobalSection(SolutionConfigurationPlatforms) = preSolution
		Debug|Any CPU = Debug|Any CPU
		Release|Any CPU = Release|Any CPU
	EndGlobalSection
	GlobalSection(ProjectConfigurationPlatforms) = postSolution
		{9C245BE6-FE05-4D0E-B1F9-CD7429DA7B28}.Debug|Any CPU.ActiveCfg = Debug|Any CPU
		{9C245BE6-FE05-4D0E-B1F9-CD7429DA7B28}.Debug|Any CPU.Build.0 = Debug|Any CPU
		{9C245BE6-FE05-4D0E-B1F9-CD7429DA7B28}.Release|Any CPU.ActiveCfg = Release|Any CPU
		{9C245BE6-FE05-4D0E-B1F9-CD7429DA7B28}.Release|Any CPU.Build.0 = Release|Any CPU
		{51A7B79C-7861-4FE5-9835-A2BFEC618192}.Debug|Any CPU.ActiveCfg = Debug|Any CPU
		{51A7B79C-7861-4FE5-9835-A2BFEC618192}.Debug|Any CPU.Build.0 = Debug|Any CPU
		{51A7B79C-7861-4FE5-9835-A2BFEC618192}.Release|Any CPU.ActiveCfg = Release|Any CPU
		{51A7B79C-7861-4FE5-9835-A2BFEC618192}.Release|Any CPU.Build.0 = Release|Any CPU
		{491C9DA7-9F09-42DB-B1DE-0E74D454D0BD}.Debug|Any CPU.ActiveCfg = Debug|Any CPU
		{491C9DA7-9F09-42DB-B1DE-0E74D454D0BD}.Debug|Any CPU.Build.0 = Debug|Any CPU
		{491C9DA7-9F09-42DB-B1DE-0E74D454D0BD}.Release|Any CPU.ActiveCfg = Release|Any CPU
		{491C9DA7-9F09-42DB-B1DE-0E74D454D0BD}.Release|Any CPU.Build.0 = Release|Any CPU
		{FA124E5C-836B-49BB-9190-26554B8802B3}.Debug|Any CPU.ActiveCfg = Debug|Any CPU
		{FA124E5C-836B-49BB-9190-26554B8802B3}.Debug|Any CPU.Build.0 = Debug|Any CPU
		{FA124E5C-836B-49BB-9190-26554B8802B3}.Release|Any CPU.ActiveCfg = Release|Any CPU
		{FA124E5C-836B-49BB-9190-26554B8802B3}.Release|Any CPU.Build.0 = Release|Any CPU
		{C975ECE5-6F73-49C4-A1D5-A8BE8F08B24C}.Debug|Any CPU.ActiveCfg = Debug|Any CPU
		{C975ECE5-6F73-49C4-A1D5-A8BE8F08B24C}.Debug|Any CPU.Build.0 = Debug|Any CPU
		{C975ECE5-6F73-49C4-A1D5-A8BE8F08B24C}.Release|Any CPU.ActiveCfg = Release|Any CPU
		{C975ECE5-6F73-49C4-A1D5-A8BE8F08B24C}.Release|Any CPU.Build.0 = Release|Any CPU
	EndGlobalSection
	GlobalSection(SolutionProperties) = preSolution
		HideSolutionNode = FALSE
	EndGlobalSection
	GlobalSection(ExtensibilityGlobals) = postSolution
		SolutionGuid = {1CC3E8AC-F152-40D9-BCD1-2AFD793EB107}
	EndGlobalSection
EndGlobal
